
Microsoft Visual Studio Solution File, Format Version 12.00
# Visual Studio 14
VisualStudioVersion = 14.0.25420.1
MinimumVisualStudioVersion = 10.0.40219.1
Project("{FAE04EC0-301F-11D3-BF4B-00C04F79EFBC}") = "Ch03Qu05", "Ch03Qu05\Ch03Qu05.csproj", "{2735FF32-95CA-4BFD-81F0-B893488E465F}"
EndProject
Global
	GlobalSection(SolutionConfigurationPlatforms) = preSolution
		Debug|Any CPU = Debug|Any CPU
		Release|Any CPU = Release|Any CPU
	EndGlobalSection
	GlobalSection(ProjectConfigurationPlatforms) = postSolution
		{2735FF32-95CA-4BFD-81F0-B893488E465F}.Debug|Any CPU.ActiveCfg = Debug|Any CPU
		{2735FF32-95CA-4BFD-81F0-B893488E465F}.Debug|Any CPU.Build.0 = Debug|Any CPU
		{2735FF32-95CA-4BFD-81F0-B893488E465F}.Release|Any CPU.ActiveCfg = Release|Any CPU
		{2735FF32-95CA-4BFD-81F0-B893488E465F}.Release|Any CPU.Build.0 = Release|Any CPU
	EndGlobalSection
	GlobalSection(SolutionProperties) = preSolution
		HideSolutionNode = FALSE
	EndGlobalSection
EndGlobal
