
Microsoft Visual Studio Solution File, Format Version 12.00
# Visual Studio 14
VisualStudioVersion = 14.0.25420.1
MinimumVisualStudioVersion = 10.0.40219.1
Project("{FAE04EC0-301F-11D3-BF4B-00C04F79EFBC}") = "Ch04Ex01", "Ch04Ex01\Ch04Ex01.csproj", "{F263BF43-3528-4CD5-93D4-AD6BD8096F15}"
EndProject
Global
	GlobalSection(SolutionConfigurationPlatforms) = preSolution
		Debug|Any CPU = Debug|Any CPU
		Release|Any CPU = Release|Any CPU
	EndGlobalSection
	GlobalSection(ProjectConfigurationPlatforms) = postSolution
		{F263BF43-3528-4CD5-93D4-AD6BD8096F15}.Debug|Any CPU.ActiveCfg = Debug|Any CPU
		{F263BF43-3528-4CD5-93D4-AD6BD8096F15}.Debug|Any CPU.Build.0 = Debug|Any CPU
		{F263BF43-3528-4CD5-93D4-AD6BD8096F15}.Release|Any CPU.ActiveCfg = Release|Any CPU
		{F263BF43-3528-4CD5-93D4-AD6BD8096F15}.Release|Any CPU.Build.0 = Release|Any CPU
	EndGlobalSection
	GlobalSection(SolutionProperties) = preSolution
		HideSolutionNode = FALSE
	EndGlobalSection
EndGlobal
